
Microsoft Visual Studio Solution File, Format Version 12.00
# Visual Studio Version 16
VisualStudioVersion = 16.0.28729.10
MinimumVisualStudioVersion = 10.0.40219.1
Project("{8BC9CEB8-8B4A-11D0-8D11-00A0C91BC942}") = "CdeWelcomeDxe", "CdePkg\CdeWelcomeDxe\CdeWelcomeDxe.vcxproj", "{A9F095DD-8BE2-4576-992A-C37E1E56A46F}"
EndProject
Project("{2150E333-8FDC-42A3-9474-1A3956D46DE8}") = "Solution Items", "Solution Items", "{D50FA0CE-6F63-496A-AEFE-CC665E775B50}"
	ProjectSection(SolutionItems) = preProject
		CdePkg\CdeLib\CdeLib.inf = CdePkg\CdeLib\CdeLib.inf
		CdePkg\CdePkg.dec = CdePkg\CdePkg.dec
		CdePkg\CdePkg.dsc = CdePkg\CdePkg.dsc
		CdePkg\CdeServices\CdeServicesDxe.inf = CdePkg\CdeServices\CdeServicesDxe.inf
		CdePkg\CdeServices\CdeServicesPei.inf = CdePkg\CdeServices\CdeServicesPei.inf
		CdePkg\CdeServices\CdeServicesSmm.inf = CdePkg\CdeServices\CdeServicesSmm.inf
		overrides\EmulatorPkg\EmulatorPkg.dsc = overrides\EmulatorPkg\EmulatorPkg.dsc
		overrides\EmulatorPkg\EmulatorPkg.fdf = overrides\EmulatorPkg\EmulatorPkg.fdf
		CdePkg\implemented.md = CdePkg\implemented.md
		overrides\edk2-platforms\PlatformPkg.fdf = overrides\edk2-platforms\PlatformPkg.fdf
		overrides\edk2-platforms\PlatformPkgX64.dsc = overrides\edk2-platforms\PlatformPkgX64.dsc
		CdePkg\README.md = CdePkg\README.md
	EndProjectSection
EndProject
Project("{8BC9CEB8-8B4A-11D0-8D11-00A0C91BC942}") = "CdeWelcomePei", "CdePkg\CdeWelcomePei\CdeWelcomePei.vcxproj", "{CD22E2E2-9815-452D-8BB9-781D2B826534}"
EndProject
Project("{8BC9CEB8-8B4A-11D0-8D11-00A0C91BC942}") = "CdeWelcomeSmm", "CdePkg\CdeWelcomeSmm\CdeWelcomeSmm.vcxproj", "{DF5697A5-0FFF-441D-93F4-8929AA434666}"
EndProject
Global
	GlobalSection(SolutionConfigurationPlatforms) = preSolution
		DXE64(CdeLib)|x64 = DXE64(CdeLib)|x64
		DXE64(CdeLib)|x86 = DXE64(CdeLib)|x86
		POST|x64 = POST|x64
		POST|x86 = POST|x86
		SHELL|x64 = SHELL|x64
		SHELL|x86 = SHELL|x86
	EndGlobalSection
	GlobalSection(ProjectConfigurationPlatforms) = postSolution
		{A9F095DD-8BE2-4576-992A-C37E1E56A46F}.DXE64(CdeLib)|x64.ActiveCfg = DXE64(CdeLib)|x64
		{A9F095DD-8BE2-4576-992A-C37E1E56A46F}.DXE64(CdeLib)|x64.Build.0 = DXE64(CdeLib)|x64
		{A9F095DD-8BE2-4576-992A-C37E1E56A46F}.DXE64(CdeLib)|x86.ActiveCfg = DXE64(CdeLib)|x64
		{A9F095DD-8BE2-4576-992A-C37E1E56A46F}.POST|x64.ActiveCfg = DXE64(CdeLib)|x64
		{A9F095DD-8BE2-4576-992A-C37E1E56A46F}.POST|x64.Build.0 = DXE64(CdeLib)|x64
		{A9F095DD-8BE2-4576-992A-C37E1E56A46F}.POST|x86.ActiveCfg = POST|x64
		{A9F095DD-8BE2-4576-992A-C37E1E56A46F}.SHELL|x64.ActiveCfg = SHELL|x64
		{A9F095DD-8BE2-4576-992A-C37E1E56A46F}.SHELL|x86.ActiveCfg = SHELL|x64
		{CD22E2E2-9815-452D-8BB9-781D2B826534}.DXE64(CdeLib)|x64.ActiveCfg = PEI32(CdeLib)|x64
		{CD22E2E2-9815-452D-8BB9-781D2B826534}.DXE64(CdeLib)|x64.Build.0 = PEI32(CdeLib)|x64
		{CD22E2E2-9815-452D-8BB9-781D2B826534}.DXE64(CdeLib)|x86.ActiveCfg = POST|Win32
		{CD22E2E2-9815-452D-8BB9-781D2B826534}.DXE64(CdeLib)|x86.Build.0 = POST|Win32
		{CD22E2E2-9815-452D-8BB9-781D2B826534}.POST|x64.ActiveCfg = POST|x64
		{CD22E2E2-9815-452D-8BB9-781D2B826534}.POST|x86.ActiveCfg = PEI32(CdeLib)|Win32
		{CD22E2E2-9815-452D-8BB9-781D2B826534}.POST|x86.Build.0 = PEI32(CdeLib)|Win32
		{CD22E2E2-9815-452D-8BB9-781D2B826534}.SHELL|x64.ActiveCfg = SHELL|x64
		{CD22E2E2-9815-452D-8BB9-781D2B826534}.SHELL|x86.ActiveCfg = SHELL|Win32
		{DF5697A5-0FFF-441D-93F4-8929AA434666}.DXE64(CdeLib)|x64.ActiveCfg = DXE64(CdeLib)|x64
		{DF5697A5-0FFF-441D-93F4-8929AA434666}.DXE64(CdeLib)|x64.Build.0 = DXE64(CdeLib)|x64
		{DF5697A5-0FFF-441D-93F4-8929AA434666}.DXE64(CdeLib)|x86.ActiveCfg = DXE64(CdeLib)|x64
		{DF5697A5-0FFF-441D-93F4-8929AA434666}.POST|x64.ActiveCfg = DXE64(CdeLib)|x64
		{DF5697A5-0FFF-441D-93F4-8929AA434666}.POST|x64.Build.0 = DXE64(CdeLib)|x64
		{DF5697A5-0FFF-441D-93F4-8929AA434666}.POST|x86.ActiveCfg = POST|x64
		{DF5697A5-0FFF-441D-93F4-8929AA434666}.SHELL|x64.ActiveCfg = SHELL|x64
		{DF5697A5-0FFF-441D-93F4-8929AA434666}.SHELL|x86.ActiveCfg = SHELL|x64
	EndGlobalSection
	GlobalSection(SolutionProperties) = preSolution
		HideSolutionNode = FALSE
	EndGlobalSection
	GlobalSection(ExtensibilityGlobals) = postSolution
		SolutionGuid = {AA34126F-8A18-490D-B9F4-96D6EA121627}
	EndGlobalSection
EndGlobal
