
Microsoft Visual Studio Solution File, Format Version 12.00
# Visual Studio Version 16
VisualStudioVersion = 16.0.28729.10
MinimumVisualStudioVersion = 10.0.40219.1
Project("{2150E333-8FDC-42A3-9474-1A3956D46DE8}") = "Solution Items", "Solution Items", "{D50FA0CE-6F63-496A-AEFE-CC665E775B50}"
	ProjectSection(SolutionItems) = preProject
		CdePkg\CdeLib\CdeLib.inf = CdePkg\CdeLib\CdeLib.inf
		CdePkg\CdeLib\CdeLib.mak = CdePkg\CdeLib\CdeLib.mak
		CdePkg\CdePkg.dec = CdePkg\CdePkg.dec
		CdePkg\CdePkg.dsc = CdePkg\CdePkg.dsc
		CdePkg\CdeServices\CdeServicesDxe.inf = CdePkg\CdeServices\CdeServicesDxe.inf
		CdePkg\CdeServices\CdeServicesPei.inf = CdePkg\CdeServices\CdeServicesPei.inf
		CdePkg\CdeServices\CdeServicesSmm.inf = CdePkg\CdeServices\CdeServicesSmm.inf
		overrides\EmulatorPkg\EmulatorPkg.dsc = overrides\EmulatorPkg\EmulatorPkg.dsc
		overrides\EmulatorPkg\EmulatorPkg.fdf = overrides\EmulatorPkg\EmulatorPkg.fdf
		CdePkg\CdeLib\FeedTheBuildProcess.c = CdePkg\CdeLib\FeedTheBuildProcess.c
		CdePkg\implemented.md = CdePkg\implemented.md
		overrides\edk2-platforms\PlatformPkg.fdf = overrides\edk2-platforms\PlatformPkg.fdf
		overrides\edk2-platforms\PlatformPkgX64.dsc = overrides\edk2-platforms\PlatformPkgX64.dsc
		CdePkg\README.md = CdePkg\README.md
	EndProjectSection
EndProject
Project("{8BC9CEB8-8B4A-11D0-8D11-00A0C91BC942}") = "CdeWelcome", "CdePkg\CdeWelcome\CdeWelcome.vcxproj", "{ED3F4531-F5C7-427B-B60F-2653FB5FBA32}"
EndProject
Global
	GlobalSection(SolutionConfigurationPlatforms) = preSolution
		POST|x64 = POST|x64
		POST|x86 = POST|x86
		SHELL|x64 = SHELL|x64
		SHELL|x86 = SHELL|x86
	EndGlobalSection
	GlobalSection(ProjectConfigurationPlatforms) = postSolution
		{ED3F4531-F5C7-427B-B60F-2653FB5FBA32}.POST|x64.ActiveCfg = POST|x64
		{ED3F4531-F5C7-427B-B60F-2653FB5FBA32}.POST|x64.Build.0 = POST|x64
		{ED3F4531-F5C7-427B-B60F-2653FB5FBA32}.POST|x86.ActiveCfg = POST|Win32
		{ED3F4531-F5C7-427B-B60F-2653FB5FBA32}.POST|x86.Build.0 = POST|Win32
		{ED3F4531-F5C7-427B-B60F-2653FB5FBA32}.SHELL|x64.ActiveCfg = SHELL|x64
		{ED3F4531-F5C7-427B-B60F-2653FB5FBA32}.SHELL|x64.Build.0 = SHELL|x64
		{ED3F4531-F5C7-427B-B60F-2653FB5FBA32}.SHELL|x86.ActiveCfg = SHELL|Win32
		{ED3F4531-F5C7-427B-B60F-2653FB5FBA32}.SHELL|x86.Build.0 = SHELL|Win32
	EndGlobalSection
	GlobalSection(SolutionProperties) = preSolution
		HideSolutionNode = FALSE
	EndGlobalSection
	GlobalSection(ExtensibilityGlobals) = postSolution
		SolutionGuid = {AA34126F-8A18-490D-B9F4-96D6EA121627}
	EndGlobalSection
EndGlobal
