
Microsoft Visual Studio Solution File, Format Version 12.00
# Visual Studio Version 16
VisualStudioVersion = 16.0.28729.10
MinimumVisualStudioVersion = 10.0.40219.1
Project("{8BC9CEB8-8B4A-11D0-8D11-00A0C91BC942}") = "CdeWelcomeDxe", "CdePkg\CdeWelcomeDxe\CdeWelcomeDxe.vcxproj", "{A9F095DD-8BE2-4576-992A-C37E1E56A46F}"
EndProject
Project("{2150E333-8FDC-42A3-9474-1A3956D46DE8}") = "Solution Items", "Solution Items", "{D50FA0CE-6F63-496A-AEFE-CC665E775B50}"
	ProjectSection(SolutionItems) = preProject
		CdePkg\CdeLib\CdeLib.inf = CdePkg\CdeLib\CdeLib.inf
		CdePkg\CdeLib\CdeLib.mak = CdePkg\CdeLib\CdeLib.mak
		CdePkg\CdePkg.dec = CdePkg\CdePkg.dec
		CdePkg\CdePkg.dsc = CdePkg\CdePkg.dsc
		CdePkg\CdeServices\CdeServicesDxe.inf = CdePkg\CdeServices\CdeServicesDxe.inf
		CdePkg\CdeServices\CdeServicesPei.inf = CdePkg\CdeServices\CdeServicesPei.inf
		overrides\EmulatorPkg\EmulatorPkg.dsc = overrides\EmulatorPkg\EmulatorPkg.dsc
		overrides\EmulatorPkg\EmulatorPkg.fdf = overrides\EmulatorPkg\EmulatorPkg.fdf
		CdePkg\CdeLib\FeedTheBuildProcess.c = CdePkg\CdeLib\FeedTheBuildProcess.c
		CdePkg\implemented.md = CdePkg\implemented.md
		overrides\edk2-platforms\PlatformPkg.fdf = overrides\edk2-platforms\PlatformPkg.fdf
		overrides\edk2-platforms\PlatformPkgX64.dsc = overrides\edk2-platforms\PlatformPkgX64.dsc
		CdePkg\README.md = CdePkg\README.md
	EndProjectSection
EndProject
Project("{8BC9CEB8-8B4A-11D0-8D11-00A0C91BC942}") = "CdeLoadOptionsDxe", "CdePkg\CdeLoadOptionsDxe\CdeLoadOptionsDxe.vcxproj", "{6A9608DB-E447-40EA-B6D7-98CB33A5D2A3}"
EndProject
Project("{8BC9CEB8-8B4A-11D0-8D11-00A0C91BC942}") = "CdeLoadOptionsPei", "CdePkg\CdeLoadOptionsPei\CdeLoadOptionsPei.vcxproj", "{6D7FB80F-0760-4095-9FE2-0F461B49B299}"
EndProject
Project("{8BC9CEB8-8B4A-11D0-8D11-00A0C91BC942}") = "CdeWelcomePei", "CdePkg\CdeWelcomePei\CdeWelcomePei.vcxproj", "{CD22E2E2-9815-452D-8BB9-781D2B826534}"
EndProject
Project("{8BC9CEB8-8B4A-11D0-8D11-00A0C91BC942}") = "CdeUnblockMemInit", "CdePkg\CdeUnblockMemInit\CdeUnblockMemInit.vcxproj", "{AFD827C5-FBB7-4889-8C70-B4DD2F365CED}"
EndProject
Project("{8BC9CEB8-8B4A-11D0-8D11-00A0C91BC942}") = "LoadOption", "CdePkg\LoadOptionShell\LoadOptionShell.vcxproj", "{60D08DBF-6AF6-424B-B003-18B56A03EB07}"
EndProject
Project("{8BC9CEB8-8B4A-11D0-8D11-00A0C91BC942}") = "CdeDiagDemoDump", "CdePkg\CdeDiagDemoDump\CdeDiagDemoDump.vcxproj", "{ECA3A597-E510-49DB-A52C-6A7B3FE63CD6}"
EndProject
Project("{8BC9CEB8-8B4A-11D0-8D11-00A0C91BC942}") = "CdeDiagEFIVAR", "CdePkg\CdeDiagEFIVAR\CdeDiagEFIVAR.vcxproj", "{6C6F6CC2-0491-40F3-807D-DF0AD5F164FB}"
EndProject
Project("{8BC9CEB8-8B4A-11D0-8D11-00A0C91BC942}") = "CdeDiagGPIO", "CdePkg\CdeDiagGPIO\CdeDiagGPIO.vcxproj", "{EC6CADF2-7836-456B-811B-82B07B2E0184}"
EndProject
Project("{8BC9CEB8-8B4A-11D0-8D11-00A0C91BC942}") = "CdeDiagTSCSync", "CdePkg\CdeDiagTSCSync\CdeDiagTSCSync.vcxproj", "{F0D3472A-E53A-44AC-BC00-0E588D0327B6}"
EndProject
Project("{8BC9CEB8-8B4A-11D0-8D11-00A0C91BC942}") = "CdeDiagRTC", "CdePkg\CdeDiagRTC\CdeDiagRTC.vcxproj", "{61E695E7-7339-4CED-B964-05D71BE0AC30}"
EndProject
Global
	GlobalSection(SolutionConfigurationPlatforms) = preSolution
		POST|x64 = POST|x64
		POST|x86 = POST|x86
		SHELL|x64 = SHELL|x64
		SHELL|x86 = SHELL|x86
	EndGlobalSection
	GlobalSection(ProjectConfigurationPlatforms) = postSolution
		{A9F095DD-8BE2-4576-992A-C37E1E56A46F}.POST|x64.ActiveCfg = DXE64(CdeLib)|x64
		{A9F095DD-8BE2-4576-992A-C37E1E56A46F}.POST|x64.Build.0 = DXE64(CdeLib)|x64
		{A9F095DD-8BE2-4576-992A-C37E1E56A46F}.POST|x86.ActiveCfg = POST|x64
		{A9F095DD-8BE2-4576-992A-C37E1E56A46F}.SHELL|x64.ActiveCfg = SHELL|x64
		{A9F095DD-8BE2-4576-992A-C37E1E56A46F}.SHELL|x86.ActiveCfg = SHELL|x64
		{6A9608DB-E447-40EA-B6D7-98CB33A5D2A3}.POST|x64.ActiveCfg = native(CdeLoadOptionsDxe)|x64
		{6A9608DB-E447-40EA-B6D7-98CB33A5D2A3}.POST|x64.Build.0 = native(CdeLoadOptionsDxe)|x64
		{6A9608DB-E447-40EA-B6D7-98CB33A5D2A3}.POST|x86.ActiveCfg = POST|x64
		{6A9608DB-E447-40EA-B6D7-98CB33A5D2A3}.SHELL|x64.ActiveCfg = SHELL|x64
		{6A9608DB-E447-40EA-B6D7-98CB33A5D2A3}.SHELL|x86.ActiveCfg = SHELL|x64
		{6D7FB80F-0760-4095-9FE2-0F461B49B299}.POST|x64.ActiveCfg = POST|Win32
		{6D7FB80F-0760-4095-9FE2-0F461B49B299}.POST|x86.ActiveCfg = native(CdeLoadOptionsPei)|Win32
		{6D7FB80F-0760-4095-9FE2-0F461B49B299}.POST|x86.Build.0 = native(CdeLoadOptionsPei)|Win32
		{6D7FB80F-0760-4095-9FE2-0F461B49B299}.SHELL|x64.ActiveCfg = SHELL|Win32
		{6D7FB80F-0760-4095-9FE2-0F461B49B299}.SHELL|x86.ActiveCfg = SHELL|Win32
		{CD22E2E2-9815-452D-8BB9-781D2B826534}.POST|x64.ActiveCfg = POST|x64
		{CD22E2E2-9815-452D-8BB9-781D2B826534}.POST|x86.ActiveCfg = PEI32(CdeLib)|Win32
		{CD22E2E2-9815-452D-8BB9-781D2B826534}.POST|x86.Build.0 = PEI32(CdeLib)|Win32
		{CD22E2E2-9815-452D-8BB9-781D2B826534}.SHELL|x64.ActiveCfg = SHELL|x64
		{CD22E2E2-9815-452D-8BB9-781D2B826534}.SHELL|x86.ActiveCfg = SHELL|Win32
		{AFD827C5-FBB7-4889-8C70-B4DD2F365CED}.POST|x64.ActiveCfg = POST|x64
		{AFD827C5-FBB7-4889-8C70-B4DD2F365CED}.POST|x86.ActiveCfg = PEI32(CdeLib)|Win32
		{AFD827C5-FBB7-4889-8C70-B4DD2F365CED}.POST|x86.Build.0 = PEI32(CdeLib)|Win32
		{AFD827C5-FBB7-4889-8C70-B4DD2F365CED}.SHELL|x64.ActiveCfg = SHELL|x64
		{AFD827C5-FBB7-4889-8C70-B4DD2F365CED}.SHELL|x86.ActiveCfg = SHELL|Win32
		{60D08DBF-6AF6-424B-B003-18B56A03EB07}.POST|x64.ActiveCfg = POST|x64
		{60D08DBF-6AF6-424B-B003-18B56A03EB07}.POST|x86.ActiveCfg = POST|x64
		{60D08DBF-6AF6-424B-B003-18B56A03EB07}.SHELL|x64.ActiveCfg = SHELL64(CdeLib)|x64
		{60D08DBF-6AF6-424B-B003-18B56A03EB07}.SHELL|x64.Build.0 = SHELL64(CdeLib)|x64
		{60D08DBF-6AF6-424B-B003-18B56A03EB07}.SHELL|x86.ActiveCfg = SHELL|x64
		{ECA3A597-E510-49DB-A52C-6A7B3FE63CD6}.POST|x64.ActiveCfg = DXE64(CdeLib)|x64
		{ECA3A597-E510-49DB-A52C-6A7B3FE63CD6}.POST|x64.Build.0 = DXE64(CdeLib)|x64
		{ECA3A597-E510-49DB-A52C-6A7B3FE63CD6}.POST|x86.ActiveCfg = PEI32(CdeLib)|Win32
		{ECA3A597-E510-49DB-A52C-6A7B3FE63CD6}.POST|x86.Build.0 = PEI32(CdeLib)|Win32
		{ECA3A597-E510-49DB-A52C-6A7B3FE63CD6}.SHELL|x64.ActiveCfg = SHELL64(CdeLib)|x64
		{ECA3A597-E510-49DB-A52C-6A7B3FE63CD6}.SHELL|x64.Build.0 = SHELL64(CdeLib)|x64
		{ECA3A597-E510-49DB-A52C-6A7B3FE63CD6}.SHELL|x86.ActiveCfg = SHELL|Win32
		{6C6F6CC2-0491-40F3-807D-DF0AD5F164FB}.POST|x64.ActiveCfg = DXE64(CdeLib)|x64
		{6C6F6CC2-0491-40F3-807D-DF0AD5F164FB}.POST|x64.Build.0 = DXE64(CdeLib)|x64
		{6C6F6CC2-0491-40F3-807D-DF0AD5F164FB}.POST|x86.ActiveCfg = PEI32(CdeLib)|Win32
		{6C6F6CC2-0491-40F3-807D-DF0AD5F164FB}.POST|x86.Build.0 = PEI32(CdeLib)|Win32
		{6C6F6CC2-0491-40F3-807D-DF0AD5F164FB}.SHELL|x64.ActiveCfg = SHELL64(CdeLib)|x64
		{6C6F6CC2-0491-40F3-807D-DF0AD5F164FB}.SHELL|x64.Build.0 = SHELL64(CdeLib)|x64
		{6C6F6CC2-0491-40F3-807D-DF0AD5F164FB}.SHELL|x86.ActiveCfg = SHELL|Win32
		{EC6CADF2-7836-456B-811B-82B07B2E0184}.POST|x64.ActiveCfg = DXE64(CdeLib)|x64
		{EC6CADF2-7836-456B-811B-82B07B2E0184}.POST|x64.Build.0 = DXE64(CdeLib)|x64
		{EC6CADF2-7836-456B-811B-82B07B2E0184}.POST|x86.ActiveCfg = PEI32(CdeLib)|Win32
		{EC6CADF2-7836-456B-811B-82B07B2E0184}.POST|x86.Build.0 = PEI32(CdeLib)|Win32
		{EC6CADF2-7836-456B-811B-82B07B2E0184}.SHELL|x64.ActiveCfg = SHELL64(CdeLib)|x64
		{EC6CADF2-7836-456B-811B-82B07B2E0184}.SHELL|x64.Build.0 = SHELL64(CdeLib)|x64
		{EC6CADF2-7836-456B-811B-82B07B2E0184}.SHELL|x86.ActiveCfg = SHELL|Win32
		{F0D3472A-E53A-44AC-BC00-0E588D0327B6}.POST|x64.ActiveCfg = DXE64(CdeLib)|x64
		{F0D3472A-E53A-44AC-BC00-0E588D0327B6}.POST|x64.Build.0 = DXE64(CdeLib)|x64
		{F0D3472A-E53A-44AC-BC00-0E588D0327B6}.POST|x86.ActiveCfg = PEI32(CdeLib)|Win32
		{F0D3472A-E53A-44AC-BC00-0E588D0327B6}.POST|x86.Build.0 = PEI32(CdeLib)|Win32
		{F0D3472A-E53A-44AC-BC00-0E588D0327B6}.SHELL|x64.ActiveCfg = SHELL64(CdeLib)|x64
		{F0D3472A-E53A-44AC-BC00-0E588D0327B6}.SHELL|x64.Build.0 = SHELL64(CdeLib)|x64
		{F0D3472A-E53A-44AC-BC00-0E588D0327B6}.SHELL|x86.ActiveCfg = SHELL|Win32
		{61E695E7-7339-4CED-B964-05D71BE0AC30}.POST|x64.ActiveCfg = DXE64(CdeLib)|x64
		{61E695E7-7339-4CED-B964-05D71BE0AC30}.POST|x64.Build.0 = DXE64(CdeLib)|x64
		{61E695E7-7339-4CED-B964-05D71BE0AC30}.POST|x86.ActiveCfg = PEI32(CdeLib)|Win32
		{61E695E7-7339-4CED-B964-05D71BE0AC30}.POST|x86.Build.0 = PEI32(CdeLib)|Win32
		{61E695E7-7339-4CED-B964-05D71BE0AC30}.SHELL|x64.ActiveCfg = SHELL64(CdeLib)|x64
		{61E695E7-7339-4CED-B964-05D71BE0AC30}.SHELL|x64.Build.0 = SHELL64(CdeLib)|x64
		{61E695E7-7339-4CED-B964-05D71BE0AC30}.SHELL|x86.ActiveCfg = SHELL|Win32
	EndGlobalSection
	GlobalSection(SolutionProperties) = preSolution
		HideSolutionNode = FALSE
	EndGlobalSection
	GlobalSection(ExtensibilityGlobals) = postSolution
		SolutionGuid = {AA34126F-8A18-490D-B9F4-96D6EA121627}
	EndGlobalSection
EndGlobal
